
Microsoft Visual Studio Solution File, Format Version 12.00
# Visual Studio 15
VisualStudioVersion = 15.0.28010.2048
MinimumVisualStudioVersion = 10.0.40219.1
Project("{9A19103F-16F7-4668-BE54-9A1E7A4F7556}") = "P01_HarvestingFields", "P01_HarvestingFields\P01_HarvestingFields.csproj", "{12D2D4A4-48A5-40A5-B25F-3D7F3B3D48C3}"
EndProject
Project("{9A19103F-16F7-4668-BE54-9A1E7A4F7556}") = "P02_BlackBoxInteger", "P02_BlackBoxInteger\P02_BlackBoxInteger.csproj", "{C8E1000F-73C9-42B2-AAF1-90E0B1BA97DB}"
EndProject
Project("{9A19103F-16F7-4668-BE54-9A1E7A4F7556}") = "P04_BarraksWars", "P04_BarraksWars\P04_BarraksWars.csproj", "{035AC0EC-EF51-4E09-9DD7-38E2BB52966D}"
EndProject
Project("{9A19103F-16F7-4668-BE54-9A1E7A4F7556}") = "P03_BarraksWars", "P03_BarraksWars\P03_BarraksWars.csproj", "{7BB3DB5C-7293-402C-A901-6C48F90686B2}"
EndProject
Project("{FAE04EC0-301F-11D3-BF4B-00C04F79EFBC}") = "P06_TrafficLights", "P06_TrafficLights\P06_TrafficLights.csproj", "{887C7934-EBED-419C-8AE1-92D9659B3A7F}"
EndProject
Project("{FAE04EC0-301F-11D3-BF4B-00C04F79EFBC}") = "P08_CreateCustomClassAttribute", "P08_CreateCustomClassAttribute\P08_CreateCustomClassAttribute.csproj", "{AEF97D8D-9756-44DF-ABDC-54ACF8B1D7FE}"
EndProject
Project("{FAE04EC0-301F-11D3-BF4B-00C04F79EFBC}") = "P07_InfernoInfinity", "P07_InfernoInfinity\P07_InfernoInfinity.csproj", "{389009EF-568A-4966-AEC9-9A70CB32D15B}"
EndProject
Global
	GlobalSection(SolutionConfigurationPlatforms) = preSolution
		Debug|Any CPU = Debug|Any CPU
		Release|Any CPU = Release|Any CPU
	EndGlobalSection
	GlobalSection(ProjectConfigurationPlatforms) = postSolution
		{12D2D4A4-48A5-40A5-B25F-3D7F3B3D48C3}.Debug|Any CPU.ActiveCfg = Debug|Any CPU
		{12D2D4A4-48A5-40A5-B25F-3D7F3B3D48C3}.Debug|Any CPU.Build.0 = Debug|Any CPU
		{12D2D4A4-48A5-40A5-B25F-3D7F3B3D48C3}.Release|Any CPU.ActiveCfg = Release|Any CPU
		{12D2D4A4-48A5-40A5-B25F-3D7F3B3D48C3}.Release|Any CPU.Build.0 = Release|Any CPU
		{C8E1000F-73C9-42B2-AAF1-90E0B1BA97DB}.Debug|Any CPU.ActiveCfg = Debug|Any CPU
		{C8E1000F-73C9-42B2-AAF1-90E0B1BA97DB}.Debug|Any CPU.Build.0 = Debug|Any CPU
		{C8E1000F-73C9-42B2-AAF1-90E0B1BA97DB}.Release|Any CPU.ActiveCfg = Release|Any CPU
		{C8E1000F-73C9-42B2-AAF1-90E0B1BA97DB}.Release|Any CPU.Build.0 = Release|Any CPU
		{035AC0EC-EF51-4E09-9DD7-38E2BB52966D}.Debug|Any CPU.ActiveCfg = Debug|Any CPU
		{035AC0EC-EF51-4E09-9DD7-38E2BB52966D}.Debug|Any CPU.Build.0 = Debug|Any CPU
		{035AC0EC-EF51-4E09-9DD7-38E2BB52966D}.Release|Any CPU.ActiveCfg = Release|Any CPU
		{035AC0EC-EF51-4E09-9DD7-38E2BB52966D}.Release|Any CPU.Build.0 = Release|Any CPU
		{7BB3DB5C-7293-402C-A901-6C48F90686B2}.Debug|Any CPU.ActiveCfg = Debug|Any CPU
		{7BB3DB5C-7293-402C-A901-6C48F90686B2}.Debug|Any CPU.Build.0 = Debug|Any CPU
		{7BB3DB5C-7293-402C-A901-6C48F90686B2}.Release|Any CPU.ActiveCfg = Release|Any CPU
		{7BB3DB5C-7293-402C-A901-6C48F90686B2}.Release|Any CPU.Build.0 = Release|Any CPU
		{887C7934-EBED-419C-8AE1-92D9659B3A7F}.Debug|Any CPU.ActiveCfg = Debug|Any CPU
		{887C7934-EBED-419C-8AE1-92D9659B3A7F}.Debug|Any CPU.Build.0 = Debug|Any CPU
		{887C7934-EBED-419C-8AE1-92D9659B3A7F}.Release|Any CPU.ActiveCfg = Release|Any CPU
		{887C7934-EBED-419C-8AE1-92D9659B3A7F}.Release|Any CPU.Build.0 = Release|Any CPU
		{AEF97D8D-9756-44DF-ABDC-54ACF8B1D7FE}.Debug|Any CPU.ActiveCfg = Debug|Any CPU
		{AEF97D8D-9756-44DF-ABDC-54ACF8B1D7FE}.Debug|Any CPU.Build.0 = Debug|Any CPU
		{AEF97D8D-9756-44DF-ABDC-54ACF8B1D7FE}.Release|Any CPU.ActiveCfg = Release|Any CPU
		{AEF97D8D-9756-44DF-ABDC-54ACF8B1D7FE}.Release|Any CPU.Build.0 = Release|Any CPU
		{389009EF-568A-4966-AEC9-9A70CB32D15B}.Debug|Any CPU.ActiveCfg = Debug|Any CPU
		{389009EF-568A-4966-AEC9-9A70CB32D15B}.Debug|Any CPU.Build.0 = Debug|Any CPU
		{389009EF-568A-4966-AEC9-9A70CB32D15B}.Release|Any CPU.ActiveCfg = Release|Any CPU
		{389009EF-568A-4966-AEC9-9A70CB32D15B}.Release|Any CPU.Build.0 = Release|Any CPU
	EndGlobalSection
	GlobalSection(SolutionProperties) = preSolution
		HideSolutionNode = FALSE
	EndGlobalSection
	GlobalSection(ExtensibilityGlobals) = postSolution
		SolutionGuid = {B3415D09-AF86-427C-8FDB-102F0AB99327}
	EndGlobalSection
EndGlobal
