
Microsoft Visual Studio Solution File, Format Version 12.00
# Visual Studio 15
VisualStudioVersion = 15.0.28010.2048
MinimumVisualStudioVersion = 10.0.40219.1
Project("{FAE04EC0-301F-11D3-BF4B-00C04F79EFBC}") = "01.ListIterator", "01.ListyIterator\01.ListIterator.csproj", "{9CAB71AA-45EB-422B-A088-4A99C7A196CC}"
EndProject
Project("{FAE04EC0-301F-11D3-BF4B-00C04F79EFBC}") = "02.Collection", "02.Collection\02.Collection.csproj", "{3E3B0A12-3DFD-4407-888E-007321E25A64}"
EndProject
Project("{FAE04EC0-301F-11D3-BF4B-00C04F79EFBC}") = "03.CustomStack", "03.Stack\03.CustomStack.csproj", "{3561450E-968C-42A8-9A17-7F1F0AF67AA0}"
EndProject
Project("{FAE04EC0-301F-11D3-BF4B-00C04F79EFBC}") = "04.Froggy", "04.Froggy\04.Froggy.csproj", "{44CB48C8-06C7-47A5-8C83-D40A6A9A3799}"
EndProject
Project("{FAE04EC0-301F-11D3-BF4B-00C04F79EFBC}") = "05.ComparingObjects", "05.ComparingObjects\05.ComparingObjects.csproj", "{A1B96B94-5317-40C6-B5D5-2803E4F8AA92}"
EndProject
Project("{FAE04EC0-301F-11D3-BF4B-00C04F79EFBC}") = "06.StrategyPattern", "06.StrategyPattern\06.StrategyPattern.csproj", "{ED6D70C6-D278-429A-B9EC-CC71376ECE3E}"
EndProject
Project("{FAE04EC0-301F-11D3-BF4B-00C04F79EFBC}") = "07.EqualityLogic", "07.EqualityLogic\07.EqualityLogic.csproj", "{0DC27A72-C467-4EA1-85FC-4FA9998FD80F}"
EndProject
Project("{FAE04EC0-301F-11D3-BF4B-00C04F79EFBC}") = "08.PetClinic", "08.PetClinic\08.PetClinic.csproj", "{C54120F2-12E1-4F04-8C33-A7862882375D}"
EndProject
Project("{FAE04EC0-301F-11D3-BF4B-00C04F79EFBC}") = "09.LinkedListTraversal", "09.LinkedListTraversal\09.LinkedListTraversal.csproj", "{2BDA0676-77B8-4387-AC71-4310E5F7CC7D}"
EndProject
Global
	GlobalSection(SolutionConfigurationPlatforms) = preSolution
		Debug|Any CPU = Debug|Any CPU
		Release|Any CPU = Release|Any CPU
	EndGlobalSection
	GlobalSection(ProjectConfigurationPlatforms) = postSolution
		{9CAB71AA-45EB-422B-A088-4A99C7A196CC}.Debug|Any CPU.ActiveCfg = Debug|Any CPU
		{9CAB71AA-45EB-422B-A088-4A99C7A196CC}.Debug|Any CPU.Build.0 = Debug|Any CPU
		{9CAB71AA-45EB-422B-A088-4A99C7A196CC}.Release|Any CPU.ActiveCfg = Release|Any CPU
		{9CAB71AA-45EB-422B-A088-4A99C7A196CC}.Release|Any CPU.Build.0 = Release|Any CPU
		{3E3B0A12-3DFD-4407-888E-007321E25A64}.Debug|Any CPU.ActiveCfg = Debug|Any CPU
		{3E3B0A12-3DFD-4407-888E-007321E25A64}.Debug|Any CPU.Build.0 = Debug|Any CPU
		{3E3B0A12-3DFD-4407-888E-007321E25A64}.Release|Any CPU.ActiveCfg = Release|Any CPU
		{3E3B0A12-3DFD-4407-888E-007321E25A64}.Release|Any CPU.Build.0 = Release|Any CPU
		{3561450E-968C-42A8-9A17-7F1F0AF67AA0}.Debug|Any CPU.ActiveCfg = Debug|Any CPU
		{3561450E-968C-42A8-9A17-7F1F0AF67AA0}.Debug|Any CPU.Build.0 = Debug|Any CPU
		{3561450E-968C-42A8-9A17-7F1F0AF67AA0}.Release|Any CPU.ActiveCfg = Release|Any CPU
		{3561450E-968C-42A8-9A17-7F1F0AF67AA0}.Release|Any CPU.Build.0 = Release|Any CPU
		{44CB48C8-06C7-47A5-8C83-D40A6A9A3799}.Debug|Any CPU.ActiveCfg = Debug|Any CPU
		{44CB48C8-06C7-47A5-8C83-D40A6A9A3799}.Debug|Any CPU.Build.0 = Debug|Any CPU
		{44CB48C8-06C7-47A5-8C83-D40A6A9A3799}.Release|Any CPU.ActiveCfg = Release|Any CPU
		{44CB48C8-06C7-47A5-8C83-D40A6A9A3799}.Release|Any CPU.Build.0 = Release|Any CPU
		{A1B96B94-5317-40C6-B5D5-2803E4F8AA92}.Debug|Any CPU.ActiveCfg = Debug|Any CPU
		{A1B96B94-5317-40C6-B5D5-2803E4F8AA92}.Debug|Any CPU.Build.0 = Debug|Any CPU
		{A1B96B94-5317-40C6-B5D5-2803E4F8AA92}.Release|Any CPU.ActiveCfg = Release|Any CPU
		{A1B96B94-5317-40C6-B5D5-2803E4F8AA92}.Release|Any CPU.Build.0 = Release|Any CPU
		{ED6D70C6-D278-429A-B9EC-CC71376ECE3E}.Debug|Any CPU.ActiveCfg = Debug|Any CPU
		{ED6D70C6-D278-429A-B9EC-CC71376ECE3E}.Debug|Any CPU.Build.0 = Debug|Any CPU
		{ED6D70C6-D278-429A-B9EC-CC71376ECE3E}.Release|Any CPU.ActiveCfg = Release|Any CPU
		{ED6D70C6-D278-429A-B9EC-CC71376ECE3E}.Release|Any CPU.Build.0 = Release|Any CPU
		{0DC27A72-C467-4EA1-85FC-4FA9998FD80F}.Debug|Any CPU.ActiveCfg = Debug|Any CPU
		{0DC27A72-C467-4EA1-85FC-4FA9998FD80F}.Debug|Any CPU.Build.0 = Debug|Any CPU
		{0DC27A72-C467-4EA1-85FC-4FA9998FD80F}.Release|Any CPU.ActiveCfg = Release|Any CPU
		{0DC27A72-C467-4EA1-85FC-4FA9998FD80F}.Release|Any CPU.Build.0 = Release|Any CPU
		{C54120F2-12E1-4F04-8C33-A7862882375D}.Debug|Any CPU.ActiveCfg = Debug|Any CPU
		{C54120F2-12E1-4F04-8C33-A7862882375D}.Debug|Any CPU.Build.0 = Debug|Any CPU
		{C54120F2-12E1-4F04-8C33-A7862882375D}.Release|Any CPU.ActiveCfg = Release|Any CPU
		{C54120F2-12E1-4F04-8C33-A7862882375D}.Release|Any CPU.Build.0 = Release|Any CPU
		{2BDA0676-77B8-4387-AC71-4310E5F7CC7D}.Debug|Any CPU.ActiveCfg = Debug|Any CPU
		{2BDA0676-77B8-4387-AC71-4310E5F7CC7D}.Debug|Any CPU.Build.0 = Debug|Any CPU
		{2BDA0676-77B8-4387-AC71-4310E5F7CC7D}.Release|Any CPU.ActiveCfg = Release|Any CPU
		{2BDA0676-77B8-4387-AC71-4310E5F7CC7D}.Release|Any CPU.Build.0 = Release|Any CPU
	EndGlobalSection
	GlobalSection(SolutionProperties) = preSolution
		HideSolutionNode = FALSE
	EndGlobalSection
	GlobalSection(ExtensibilityGlobals) = postSolution
		SolutionGuid = {14A734E7-5BB4-4704-A7CF-94574C576232}
	EndGlobalSection
EndGlobal
