
Microsoft Visual Studio Solution File, Format Version 12.00
# Visual Studio 15
VisualStudioVersion = 15.0.28010.2048
MinimumVisualStudioVersion = 10.0.40219.1
Project("{FAE04EC0-301F-11D3-BF4B-00C04F79EFBC}") = "01.Stealer", "01.Stealer\01.Stealer.csproj", "{D23B0443-0A58-4493-B642-95D1D577C4D7}"
EndProject
Project("{FAE04EC0-301F-11D3-BF4B-00C04F79EFBC}") = "02.HighQualityMistakes", "02.HighQualityMistakes\02.HighQualityMistakes.csproj", "{3FD648D6-1AF8-4512-B27C-42C67FDA76B0}"
EndProject
Project("{FAE04EC0-301F-11D3-BF4B-00C04F79EFBC}") = "03.MissionPrivateImpossible", "03.MissionPrivateImpossible\03.MissionPrivateImpossible.csproj", "{AB46E42D-0239-48D8-9CC5-60801AC1518A}"
EndProject
Project("{FAE04EC0-301F-11D3-BF4B-00C04F79EFBC}") = "04.Collector", "04.Collector\04.Collector.csproj", "{15DFBC35-21B1-47B3-A805-E650D3C16DAA}"
EndProject
Project("{FAE04EC0-301F-11D3-BF4B-00C04F79EFBC}") = "05.CreateAttribute", "05.CreateAttribute\05.CreateAttribute.csproj", "{822ABB3E-1E27-4EFD-B14A-B077BA0CD4D7}"
EndProject
Project("{FAE04EC0-301F-11D3-BF4B-00C04F79EFBC}") = "06.CodingTracker", "06.CodingTracker\06.CodingTracker.csproj", "{41BD1122-DE85-4E5D-B943-9A6177E04228}"
EndProject
Global
	GlobalSection(SolutionConfigurationPlatforms) = preSolution
		Debug|Any CPU = Debug|Any CPU
		Release|Any CPU = Release|Any CPU
	EndGlobalSection
	GlobalSection(ProjectConfigurationPlatforms) = postSolution
		{D23B0443-0A58-4493-B642-95D1D577C4D7}.Debug|Any CPU.ActiveCfg = Debug|Any CPU
		{D23B0443-0A58-4493-B642-95D1D577C4D7}.Debug|Any CPU.Build.0 = Debug|Any CPU
		{D23B0443-0A58-4493-B642-95D1D577C4D7}.Release|Any CPU.ActiveCfg = Release|Any CPU
		{D23B0443-0A58-4493-B642-95D1D577C4D7}.Release|Any CPU.Build.0 = Release|Any CPU
		{3FD648D6-1AF8-4512-B27C-42C67FDA76B0}.Debug|Any CPU.ActiveCfg = Debug|Any CPU
		{3FD648D6-1AF8-4512-B27C-42C67FDA76B0}.Debug|Any CPU.Build.0 = Debug|Any CPU
		{3FD648D6-1AF8-4512-B27C-42C67FDA76B0}.Release|Any CPU.ActiveCfg = Release|Any CPU
		{3FD648D6-1AF8-4512-B27C-42C67FDA76B0}.Release|Any CPU.Build.0 = Release|Any CPU
		{AB46E42D-0239-48D8-9CC5-60801AC1518A}.Debug|Any CPU.ActiveCfg = Debug|Any CPU
		{AB46E42D-0239-48D8-9CC5-60801AC1518A}.Debug|Any CPU.Build.0 = Debug|Any CPU
		{AB46E42D-0239-48D8-9CC5-60801AC1518A}.Release|Any CPU.ActiveCfg = Release|Any CPU
		{AB46E42D-0239-48D8-9CC5-60801AC1518A}.Release|Any CPU.Build.0 = Release|Any CPU
		{15DFBC35-21B1-47B3-A805-E650D3C16DAA}.Debug|Any CPU.ActiveCfg = Debug|Any CPU
		{15DFBC35-21B1-47B3-A805-E650D3C16DAA}.Debug|Any CPU.Build.0 = Debug|Any CPU
		{15DFBC35-21B1-47B3-A805-E650D3C16DAA}.Release|Any CPU.ActiveCfg = Release|Any CPU
		{15DFBC35-21B1-47B3-A805-E650D3C16DAA}.Release|Any CPU.Build.0 = Release|Any CPU
		{822ABB3E-1E27-4EFD-B14A-B077BA0CD4D7}.Debug|Any CPU.ActiveCfg = Debug|Any CPU
		{822ABB3E-1E27-4EFD-B14A-B077BA0CD4D7}.Debug|Any CPU.Build.0 = Debug|Any CPU
		{822ABB3E-1E27-4EFD-B14A-B077BA0CD4D7}.Release|Any CPU.ActiveCfg = Release|Any CPU
		{822ABB3E-1E27-4EFD-B14A-B077BA0CD4D7}.Release|Any CPU.Build.0 = Release|Any CPU
		{41BD1122-DE85-4E5D-B943-9A6177E04228}.Debug|Any CPU.ActiveCfg = Debug|Any CPU
		{41BD1122-DE85-4E5D-B943-9A6177E04228}.Debug|Any CPU.Build.0 = Debug|Any CPU
		{41BD1122-DE85-4E5D-B943-9A6177E04228}.Release|Any CPU.ActiveCfg = Release|Any CPU
		{41BD1122-DE85-4E5D-B943-9A6177E04228}.Release|Any CPU.Build.0 = Release|Any CPU
	EndGlobalSection
	GlobalSection(SolutionProperties) = preSolution
		HideSolutionNode = FALSE
	EndGlobalSection
	GlobalSection(ExtensibilityGlobals) = postSolution
		SolutionGuid = {B7FF6831-08DD-484C-B995-24CDA8FE1320}
	EndGlobalSection
EndGlobal
