
Microsoft Visual Studio Solution File, Format Version 12.00
# Visual Studio 15
VisualStudioVersion = 15.0.28010.2048
MinimumVisualStudioVersion = 10.0.40219.1
Project("{FAE04EC0-301F-11D3-BF4B-00C04F79EFBC}") = "01.GenericBoxOfString", "01.GenericBoxOfString\01.GenericBoxOfString.csproj", "{D09D1060-7501-4D76-BBA3-1874FF0C3C4E}"
EndProject
Project("{FAE04EC0-301F-11D3-BF4B-00C04F79EFBC}") = "02.GenericBoxOfInteger", "02.GenericBoxOfInteger\02.GenericBoxOfInteger.csproj", "{B33C463B-0BE0-465B-8BED-9DFB1706B640}"
EndProject
Project("{FAE04EC0-301F-11D3-BF4B-00C04F79EFBC}") = "03.GenericSwapMethodStrings", "03.GenericSwapMethodStrings\03.GenericSwapMethodStrings.csproj", "{561F4469-0021-418D-B035-E0C8B0F129E9}"
EndProject
Project("{FAE04EC0-301F-11D3-BF4B-00C04F79EFBC}") = "04.GenericSwapMethodIntegers", "04.GenericSwapMethodIntegers\04.GenericSwapMethodIntegers.csproj", "{75AF0F41-4770-43DA-B510-F041097BCE39}"
EndProject
Project("{FAE04EC0-301F-11D3-BF4B-00C04F79EFBC}") = "05.GenericCountMethodStrings", "05.GenericCountMethodStrings\05.GenericCountMethodStrings.csproj", "{1DB2B53C-87DA-40DA-B2E6-BE6B22BF4CB9}"
EndProject
Project("{FAE04EC0-301F-11D3-BF4B-00C04F79EFBC}") = "06.GenericCountMethodDoubles", "06.GenericCountMethodDoubles\06.GenericCountMethodDoubles.csproj", "{3F85CD2F-7000-4B61-A2C3-4C7222973EF4}"
EndProject
Project("{FAE04EC0-301F-11D3-BF4B-00C04F79EFBC}") = "07.CustomList", "07.CustomList\07.CustomList.csproj", "{62E0D94E-B03A-416C-BF6F-489EBA302AEB}"
EndProject
Project("{FAE04EC0-301F-11D3-BF4B-00C04F79EFBC}") = "08.CustomListSorter", "08.CustomListSorter\08.CustomListSorter.csproj", "{0B85296F-7133-4600-A756-4AF76990E5CF}"
EndProject
Project("{FAE04EC0-301F-11D3-BF4B-00C04F79EFBC}") = "10.Tuple", "10.Tuple\10.Tuple.csproj", "{98098041-8262-41EB-9D4E-4DA65C448FAB}"
EndProject
Project("{FAE04EC0-301F-11D3-BF4B-00C04F79EFBC}") = "11.Threeuple", "11.Threeuple\11.Threeuple.csproj", "{5D296436-C0C0-402D-84E5-C4C0CF6CB0CB}"
EndProject
Global
	GlobalSection(SolutionConfigurationPlatforms) = preSolution
		Debug|Any CPU = Debug|Any CPU
		Release|Any CPU = Release|Any CPU
	EndGlobalSection
	GlobalSection(ProjectConfigurationPlatforms) = postSolution
		{D09D1060-7501-4D76-BBA3-1874FF0C3C4E}.Debug|Any CPU.ActiveCfg = Debug|Any CPU
		{D09D1060-7501-4D76-BBA3-1874FF0C3C4E}.Debug|Any CPU.Build.0 = Debug|Any CPU
		{D09D1060-7501-4D76-BBA3-1874FF0C3C4E}.Release|Any CPU.ActiveCfg = Release|Any CPU
		{D09D1060-7501-4D76-BBA3-1874FF0C3C4E}.Release|Any CPU.Build.0 = Release|Any CPU
		{B33C463B-0BE0-465B-8BED-9DFB1706B640}.Debug|Any CPU.ActiveCfg = Debug|Any CPU
		{B33C463B-0BE0-465B-8BED-9DFB1706B640}.Debug|Any CPU.Build.0 = Debug|Any CPU
		{B33C463B-0BE0-465B-8BED-9DFB1706B640}.Release|Any CPU.ActiveCfg = Release|Any CPU
		{B33C463B-0BE0-465B-8BED-9DFB1706B640}.Release|Any CPU.Build.0 = Release|Any CPU
		{561F4469-0021-418D-B035-E0C8B0F129E9}.Debug|Any CPU.ActiveCfg = Debug|Any CPU
		{561F4469-0021-418D-B035-E0C8B0F129E9}.Debug|Any CPU.Build.0 = Debug|Any CPU
		{561F4469-0021-418D-B035-E0C8B0F129E9}.Release|Any CPU.ActiveCfg = Release|Any CPU
		{561F4469-0021-418D-B035-E0C8B0F129E9}.Release|Any CPU.Build.0 = Release|Any CPU
		{75AF0F41-4770-43DA-B510-F041097BCE39}.Debug|Any CPU.ActiveCfg = Debug|Any CPU
		{75AF0F41-4770-43DA-B510-F041097BCE39}.Debug|Any CPU.Build.0 = Debug|Any CPU
		{75AF0F41-4770-43DA-B510-F041097BCE39}.Release|Any CPU.ActiveCfg = Release|Any CPU
		{75AF0F41-4770-43DA-B510-F041097BCE39}.Release|Any CPU.Build.0 = Release|Any CPU
		{1DB2B53C-87DA-40DA-B2E6-BE6B22BF4CB9}.Debug|Any CPU.ActiveCfg = Debug|Any CPU
		{1DB2B53C-87DA-40DA-B2E6-BE6B22BF4CB9}.Debug|Any CPU.Build.0 = Debug|Any CPU
		{1DB2B53C-87DA-40DA-B2E6-BE6B22BF4CB9}.Release|Any CPU.ActiveCfg = Release|Any CPU
		{1DB2B53C-87DA-40DA-B2E6-BE6B22BF4CB9}.Release|Any CPU.Build.0 = Release|Any CPU
		{3F85CD2F-7000-4B61-A2C3-4C7222973EF4}.Debug|Any CPU.ActiveCfg = Debug|Any CPU
		{3F85CD2F-7000-4B61-A2C3-4C7222973EF4}.Debug|Any CPU.Build.0 = Debug|Any CPU
		{3F85CD2F-7000-4B61-A2C3-4C7222973EF4}.Release|Any CPU.ActiveCfg = Release|Any CPU
		{3F85CD2F-7000-4B61-A2C3-4C7222973EF4}.Release|Any CPU.Build.0 = Release|Any CPU
		{62E0D94E-B03A-416C-BF6F-489EBA302AEB}.Debug|Any CPU.ActiveCfg = Debug|Any CPU
		{62E0D94E-B03A-416C-BF6F-489EBA302AEB}.Debug|Any CPU.Build.0 = Debug|Any CPU
		{62E0D94E-B03A-416C-BF6F-489EBA302AEB}.Release|Any CPU.ActiveCfg = Release|Any CPU
		{62E0D94E-B03A-416C-BF6F-489EBA302AEB}.Release|Any CPU.Build.0 = Release|Any CPU
		{0B85296F-7133-4600-A756-4AF76990E5CF}.Debug|Any CPU.ActiveCfg = Debug|Any CPU
		{0B85296F-7133-4600-A756-4AF76990E5CF}.Debug|Any CPU.Build.0 = Debug|Any CPU
		{0B85296F-7133-4600-A756-4AF76990E5CF}.Release|Any CPU.ActiveCfg = Release|Any CPU
		{0B85296F-7133-4600-A756-4AF76990E5CF}.Release|Any CPU.Build.0 = Release|Any CPU
		{98098041-8262-41EB-9D4E-4DA65C448FAB}.Debug|Any CPU.ActiveCfg = Debug|Any CPU
		{98098041-8262-41EB-9D4E-4DA65C448FAB}.Debug|Any CPU.Build.0 = Debug|Any CPU
		{98098041-8262-41EB-9D4E-4DA65C448FAB}.Release|Any CPU.ActiveCfg = Release|Any CPU
		{98098041-8262-41EB-9D4E-4DA65C448FAB}.Release|Any CPU.Build.0 = Release|Any CPU
		{5D296436-C0C0-402D-84E5-C4C0CF6CB0CB}.Debug|Any CPU.ActiveCfg = Debug|Any CPU
		{5D296436-C0C0-402D-84E5-C4C0CF6CB0CB}.Debug|Any CPU.Build.0 = Debug|Any CPU
		{5D296436-C0C0-402D-84E5-C4C0CF6CB0CB}.Release|Any CPU.ActiveCfg = Release|Any CPU
		{5D296436-C0C0-402D-84E5-C4C0CF6CB0CB}.Release|Any CPU.Build.0 = Release|Any CPU
	EndGlobalSection
	GlobalSection(SolutionProperties) = preSolution
		HideSolutionNode = FALSE
	EndGlobalSection
	GlobalSection(ExtensibilityGlobals) = postSolution
		SolutionGuid = {C47D6867-821F-4852-8B70-80FBAC8D0014}
	EndGlobalSection
EndGlobal
