
Microsoft Visual Studio Solution File, Format Version 12.00
# Visual Studio 15
VisualStudioVersion = 15.0.28010.2048
MinimumVisualStudioVersion = 10.0.40219.1
Project("{9A19103F-16F7-4668-BE54-9A1E7A4F7556}") = "GenericArrayCreator", "GenericArrayCreator\GenericArrayCreator.csproj", "{9AC0C58D-BE9B-498B-909C-6CE95954F233}"
EndProject
Project("{9A19103F-16F7-4668-BE54-9A1E7A4F7556}") = "BoxOfT", "BoxOfT\BoxOfT.csproj", "{1E740FA8-A7AD-4F62-AAC1-D880E1E9ED0F}"
EndProject
Project("{FAE04EC0-301F-11D3-BF4B-00C04F79EFBC}") = "GenericScale", "GenericScale\GenericScale.csproj", "{097C16DC-1676-49C8-BF3B-7A50D6A6CBC9}"
EndProject
Global
	GlobalSection(SolutionConfigurationPlatforms) = preSolution
		Debug|Any CPU = Debug|Any CPU
		Release|Any CPU = Release|Any CPU
	EndGlobalSection
	GlobalSection(ProjectConfigurationPlatforms) = postSolution
		{9AC0C58D-BE9B-498B-909C-6CE95954F233}.Debug|Any CPU.ActiveCfg = Debug|Any CPU
		{9AC0C58D-BE9B-498B-909C-6CE95954F233}.Debug|Any CPU.Build.0 = Debug|Any CPU
		{9AC0C58D-BE9B-498B-909C-6CE95954F233}.Release|Any CPU.ActiveCfg = Release|Any CPU
		{9AC0C58D-BE9B-498B-909C-6CE95954F233}.Release|Any CPU.Build.0 = Release|Any CPU
		{1E740FA8-A7AD-4F62-AAC1-D880E1E9ED0F}.Debug|Any CPU.ActiveCfg = Debug|Any CPU
		{1E740FA8-A7AD-4F62-AAC1-D880E1E9ED0F}.Debug|Any CPU.Build.0 = Debug|Any CPU
		{1E740FA8-A7AD-4F62-AAC1-D880E1E9ED0F}.Release|Any CPU.ActiveCfg = Release|Any CPU
		{1E740FA8-A7AD-4F62-AAC1-D880E1E9ED0F}.Release|Any CPU.Build.0 = Release|Any CPU
		{097C16DC-1676-49C8-BF3B-7A50D6A6CBC9}.Debug|Any CPU.ActiveCfg = Debug|Any CPU
		{097C16DC-1676-49C8-BF3B-7A50D6A6CBC9}.Debug|Any CPU.Build.0 = Debug|Any CPU
		{097C16DC-1676-49C8-BF3B-7A50D6A6CBC9}.Release|Any CPU.ActiveCfg = Release|Any CPU
		{097C16DC-1676-49C8-BF3B-7A50D6A6CBC9}.Release|Any CPU.Build.0 = Release|Any CPU
	EndGlobalSection
	GlobalSection(SolutionProperties) = preSolution
		HideSolutionNode = FALSE
	EndGlobalSection
	GlobalSection(ExtensibilityGlobals) = postSolution
		SolutionGuid = {7810E8B4-8A12-4E68-86ED-F47F914AAE7E}
	EndGlobalSection
EndGlobal
